# generated by rye
# use `rye lock` or `rye sync` to update this lockfile
#
# last locked with the following flags:
#   pre: false
#   features: []
#   all-features: false
#   with-sources: false
#   generate-hashes: false
#   universal: false

-e file:.
alembic==1.15.2
    # via library-clean-architecture
annotated-types==0.7.0
    # via pydantic
anyio==4.9.0
    # via httpx
    # via starlette
    # via watchfiles
argon2==0.1.10
    # via library-clean-architecture
argon2-cffi==23.1.0
    # via library-clean-architecture
argon2-cffi-bindings==21.2.0
    # via argon2-cffi
black==25.1.0
    # via library-clean-architecture
certifi==2025.4.26
    # via httpcore
    # via httpx
cffi==1.17.1
    # via argon2-cffi-bindings
click==8.1.8
    # via black
    # via rich-toolkit
    # via typer
    # via uvicorn
dnspython==2.7.0
    # via email-validator
email-validator==2.2.0
    # via fastapi
fastapi==0.115.12
    # via library-clean-architecture
fastapi-cli==0.0.7
    # via fastapi
greenlet==3.2.1
    # via sqlalchemy
h11==0.16.0
    # via httpcore
    # via uvicorn
httpcore==1.0.9
    # via httpx
httptools==0.6.4
    # via uvicorn
httpx==0.28.1
    # via fastapi
idna==3.10
    # via anyio
    # via email-validator
    # via httpx
jinja2==3.1.6
    # via fastapi
mako==1.3.10
    # via alembic
markdown-it-py==3.0.0
    # via rich
markupsafe==3.0.2
    # via jinja2
    # via mako
mdurl==0.1.2
    # via markdown-it-py
mypy-extensions==1.1.0
    # via black
packaging==25.0
    # via black
pathspec==0.12.1
    # via black
platformdirs==4.3.7
    # via black
psycopg2-binary==2.9.10
    # via library-clean-architecture
pycparser==2.22
    # via cffi
pydantic==2.11.4
    # via fastapi
    # via library-clean-architecture
    # via pydantic-settings
pydantic-core==2.33.2
    # via pydantic
pydantic-settings==2.9.1
    # via library-clean-architecture
pygments==2.19.1
    # via rich
pyjwt==2.10.1
    # via library-clean-architecture
python-dotenv==1.1.0
    # via pydantic-settings
    # via uvicorn
python-multipart==0.0.20
    # via fastapi
pyyaml==6.0.2
    # via uvicorn
rich==14.0.0
    # via rich-toolkit
    # via typer
rich-toolkit==0.14.4
    # via fastapi-cli
shellingham==1.5.4
    # via typer
sniffio==1.3.1
    # via anyio
sqlalchemy==2.0.40
    # via alembic
    # via library-clean-architecture
starlette==0.46.2
    # via fastapi
typer==0.15.3
    # via fastapi-cli
typing-extensions==4.13.2
    # via alembic
    # via anyio
    # via fastapi
    # via pydantic
    # via pydantic-core
    # via rich-toolkit
    # via sqlalchemy
    # via typer
    # via typing-inspection
typing-inspection==0.4.0
    # via pydantic
    # via pydantic-settings
uvicorn==0.34.2
    # via fastapi
    # via fastapi-cli
    # via library-clean-architecture
uvloop==0.21.0
    # via uvicorn
watchfiles==1.0.5
    # via uvicorn
websockets==15.0.1
    # via uvicorn
